<?xml version="1.0" encoding="utf-8"?>
<Project ToolsVersion="4.0" xmlns="http://schemas.microsoft.com/developer/msbuild/2003">
  <ItemGroup>
    <ClCompile Include="main.cpp" />
    <ClCompile Include="..\external\imgui-master\imgui.cpp">
      <Filter>Engine\ImGui</Filter>
    </ClCompile>
    <ClCompile Include="..\external\imgui-master\imgui_draw.cpp">
      <Filter>Engine\ImGui</Filter>
    </ClCompile>
    <ClCompile Include="..\external\imgui-master\imgui_widgets.cpp">
      <Filter>Engine\ImGui</Filter>
    </ClCompile>
    <ClCompile Include="..\external\imgui-sfml-master\imgui-SFML.cpp">
      <Filter>Engine\ImGui</Filter>
    </ClCompile>
    <ClCompile Include="..\external\imgui-master\imgui_demo.cpp">
      <Filter>Engine\ImGui</Filter>
    </ClCompile>
    <ClCompile Include="..\external\imgui-master\imgui_tables.cpp">
      <Filter>Engine\ImGui</Filter>
    </ClCompile>
    <ClCompile Include="Game\MainCharacter.cpp">
      <Filter>Game</Filter>
    </ClCompile>
    <ClCompile Include="Game\Door.cpp">
      <Filter>Game</Filter>
    </ClCompile>
    <ClCompile Include="Engine\Game.cpp">
      <Filter>Engine</Filter>
    </ClCompile>
    <ClCompile Include="Game\GameDemo.cpp">
      <Filter>Game</Filter>
    </ClCompile>
    <ClCompile Include="Engine\Collision.cpp">
      <Filter>Engine</Filter>
    </ClCompile>
    <ClCompile Include="App.cpp">
      <Filter>Game</Filter>
    </ClCompile>
    <ClCompile Include="Systems\PhysicSystem.cpp">
      <Filter>Game\Systems</Filter>
    </ClCompile>
    <ClCompile Include="Systems\PlayerControlSystem.cpp">
      <Filter>Game\Systems</Filter>
    </ClCompile>
    <ClCompile Include="Systems\RenderSystem.cpp">
      <Filter>Game\Systems</Filter>
    </ClCompile>
    <ClCompile Include="Systems\TransformSystem.cpp">
      <Filter>Game\Systems</Filter>
    </ClCompile>
    <ClCompile Include="Services\SpawnService.cpp">
      <Filter>Game\Services</Filter>
    </ClCompile>
    <ClCompile Include="Systems\CommitSystem.cpp">
      <Filter>Game\Systems</Filter>
    </ClCompile>
    <ClCompile Include="Systems\GripSystem.cpp">
      <Filter>Game\Systems</Filter>
    </ClCompile>
    <ClCompile Include="Systems\CollisionSystem.cpp">
      <Filter>Game\Systems</Filter>
    </ClCompile>
  </ItemGroup>
  <ItemGroup>
    <ClInclude Include="stdafx.h" />
    <ClInclude Include="..\external\imgui-master\imgui_internal.h">
      <Filter>Engine\ImGui</Filter>
    </ClInclude>
    <ClInclude Include="..\external\imgui-master\imgui.h">
      <Filter>Engine\ImGui</Filter>
    </ClInclude>
    <ClInclude Include="..\external\imgui-sfml-master\imgui-SFML.h">
      <Filter>Engine\ImGui</Filter>
    </ClInclude>
    <ClInclude Include="Game\MainCharacter.h">
      <Filter>Game</Filter>
    </ClInclude>
    <ClInclude Include="Game\Door.h">
      <Filter>Game</Filter>
    </ClInclude>
    <ClInclude Include="Engine\Game.h">
      <Filter>Engine</Filter>
    </ClInclude>
    <ClInclude Include="Game\GameDemo.h">
      <Filter>Game</Filter>
    </ClInclude>
    <ClInclude Include="Engine\Collision.h">
      <Filter>Engine</Filter>
    </ClInclude>
    <ClInclude Include="App.hpp">
      <Filter>Game</Filter>
    </ClInclude>
    <ClInclude Include="Components\CameraCenter.hpp">
      <Filter>Game\Components</Filter>
    </ClInclude>
    <ClInclude Include="Components\Collideable.hpp">
      <Filter>Game\Components</Filter>
    </ClInclude>
    <ClInclude Include="Core\Component.hpp">
      <Filter>Game\Core</Filter>
    </ClInclude>
    <ClInclude Include="Core\ComponentData.hpp">
      <Filter>Game\Core</Filter>
    </ClInclude>
    <ClInclude Include="Core\ComponentManager.hpp">
      <Filter>Game\Core</Filter>
    </ClInclude>
    <ClInclude Include="Engine\EllipseShape.hpp">
      <Filter>Engine</Filter>
    </ClInclude>
    <ClInclude Include="Core\Entity.hpp">
      <Filter>Game\Core</Filter>
    </ClInclude>
    <ClInclude Include="Core\EntityManager.hpp">
      <Filter>Game\Core</Filter>
    </ClInclude>
    <ClInclude Include="Components\PhysicBody.hpp">
      <Filter>Game\Components</Filter>
    </ClInclude>
    <ClInclude Include="Core\System.hpp">
      <Filter>Game\Core</Filter>
    </ClInclude>
    <ClInclude Include="Systems\PhysicSystem.hpp">
      <Filter>Game\Systems</Filter>
    </ClInclude>
    <ClInclude Include="Systems\PlayerControlSystem.hpp">
      <Filter>Game\Systems</Filter>
    </ClInclude>
    <ClInclude Include="Components\Renderable.hpp">
      <Filter>Game\Components</Filter>
    </ClInclude>
    <ClInclude Include="Systems\RenderSystem.hpp">
      <Filter>Game\Systems</Filter>
    </ClInclude>
    <ClInclude Include="Components\RigidBody.hpp">
      <Filter>Game\Components</Filter>
    </ClInclude>
    <ClInclude Include="Core\World.hpp">
      <Filter>Game\Core</Filter>
    </ClInclude>
    <ClInclude Include="Core\Signature.hpp">
      <Filter>Game\Core</Filter>
    </ClInclude>
    <ClInclude Include="Core\SystemManager.hpp">
      <Filter>Game\Core</Filter>
    </ClInclude>
    <ClInclude Include="Components\Transformable.hpp">
      <Filter>Game\Components</Filter>
    </ClInclude>
    <ClInclude Include="Systems\TransformSystem.hpp">
      <Filter>Game\Systems</Filter>
    </ClInclude>
    <ClInclude Include="Services\SpawnService.hpp">
      <Filter>Game\Services</Filter>
    </ClInclude>
    <ClInclude Include="Systems\CommitSystem.hpp">
      <Filter>Game\Systems</Filter>
    </ClInclude>
    <ClInclude Include="Components\Grippable.hpp">
      <Filter>Game\Components</Filter>
    </ClInclude>
    <ClInclude Include="Components\Gripper.hpp">
      <Filter>Game\Components</Filter>
    </ClInclude>
    <ClInclude Include="Systems\GripSystem.hpp">
      <Filter>Game\Systems</Filter>
    </ClInclude>
    <ClInclude Include="Tools\Random.hpp">
      <Filter>Game\Tools</Filter>
    </ClInclude>
    <ClInclude Include="Core\EventManager.hpp">
      <Filter>Game\Core</Filter>
    </ClInclude>
    <ClInclude Include="Components\Fatal.hpp">
      <Filter>Game\Components</Filter>
    </ClInclude>
    <ClInclude Include="Components\Mortal.hpp">
      <Filter>Game\Components</Filter>
    </ClInclude>
    <ClInclude Include="Systems\CollisionSystem.hpp">
      <Filter>Game\Systems</Filter>
    </ClInclude>
    <ClInclude Include="Components\Responser.hpp">
      <Filter>Game\Components</Filter>
    </ClInclude>
    <ClInclude Include="Tools\Layer.hpp">
      <Filter>Game\Tools</Filter>
    </ClInclude>
  </ItemGroup>
  <ItemGroup>
    <Filter Include="Engine">
      <UniqueIdentifier>{cdcbff54-e6fd-43a3-a20c-abdf62e8e4d7}</UniqueIdentifier>
    </Filter>
    <Filter Include="Game">
      <UniqueIdentifier>{56dbd27f-69d6-403c-b717-2026591c616d}</UniqueIdentifier>
    </Filter>
    <Filter Include="Engine\ImGui">
      <UniqueIdentifier>{f630cd3c-1cea-471c-9a95-a35b86a8dd9e}</UniqueIdentifier>
    </Filter>
    <Filter Include="Game\Components">
      <UniqueIdentifier>{e730d900-e2c2-4375-b879-23b905db1f93}</UniqueIdentifier>
    </Filter>
    <Filter Include="Game\Core">
      <UniqueIdentifier>{fcc5ed7a-8810-479c-874e-67c050ace8e8}</UniqueIdentifier>
    </Filter>
    <Filter Include="Game\Systems">
      <UniqueIdentifier>{72b36ecf-0f0b-493b-bb18-e3f41c987d1d}</UniqueIdentifier>
    </Filter>
    <Filter Include="Game\Services">
      <UniqueIdentifier>{d1cec9df-92e9-4e8c-b639-f695e51e5ced}</UniqueIdentifier>
    </Filter>
    <Filter Include="Game\Tools">
      <UniqueIdentifier>{f75a6927-95d8-4cdf-9090-30e209db18f1}</UniqueIdentifier>
    </Filter>
  </ItemGroup>
</Project>